
Microsoft Visual Studio Solution File, Format Version 12.00
# Visual Studio Version 17
VisualStudioVersion = 17.2.32630.192
MinimumVisualStudioVersion = 10.0.40219.1
Project("{FAE04EC0-301F-11D3-BF4B-00C04F79EFBC}") = "Program_Hotel", "WindowsFormsApp1\Program_Hotel.csproj", "{DA3AFD77-FA36-4DB8-836D-E46A82724C79}"
EndProject
Global
	GlobalSection(SolutionConfigurationPlatforms) = preSolution
		Debug|Any CPU = Debug|Any CPU
		Release|Any CPU = Release|Any CPU
	EndGlobalSection
	GlobalSection(ProjectConfigurationPlatforms) = postSolution
		{DA3AFD77-FA36-4DB8-836D-E46A82724C79}.Debug|Any CPU.ActiveCfg = Debug|Any CPU
		{DA3AFD77-FA36-4DB8-836D-E46A82724C79}.Debug|Any CPU.Build.0 = Debug|Any CPU
		{DA3AFD77-FA36-4DB8-836D-E46A82724C79}.Release|Any CPU.ActiveCfg = Release|Any CPU
		{DA3AFD77-FA36-4DB8-836D-E46A82724C79}.Release|Any CPU.Build.0 = Release|Any CPU
	EndGlobalSection
	GlobalSection(SolutionProperties) = preSolution
		HideSolutionNode = FALSE
	EndGlobalSection
	GlobalSection(ExtensibilityGlobals) = postSolution
		SolutionGuid = {CBC5B79E-BBB1-4D84-97C5-A585BA385BA2}
	EndGlobalSection
EndGlobal
